
Microsoft Visual Studio Solution File, Format Version 12.00
# Visual Studio Version 17
VisualStudioVersion = 17.2.32630.192
MinimumVisualStudioVersion = 10.0.40219.1
Project("{FAE04EC0-301F-11D3-BF4B-00C04F79EFBC}") = "flappy bird", "flappy bird\flappy bird.csproj", "{9B94512B-CE70-423A-A043-5FE83CAADA0A}"
EndProject
Global
	GlobalSection(SolutionConfigurationPlatforms) = preSolution
		Debug|Any CPU = Debug|Any CPU
		Release|Any CPU = Release|Any CPU
	EndGlobalSection
	GlobalSection(ProjectConfigurationPlatforms) = postSolution
		{9B94512B-CE70-423A-A043-5FE83CAADA0A}.Debug|Any CPU.ActiveCfg = Debug|Any CPU
		{9B94512B-CE70-423A-A043-5FE83CAADA0A}.Debug|Any CPU.Build.0 = Debug|Any CPU
		{9B94512B-CE70-423A-A043-5FE83CAADA0A}.Release|Any CPU.ActiveCfg = Release|Any CPU
		{9B94512B-CE70-423A-A043-5FE83CAADA0A}.Release|Any CPU.Build.0 = Release|Any CPU
	EndGlobalSection
	GlobalSection(SolutionProperties) = preSolution
		HideSolutionNode = FALSE
	EndGlobalSection
	GlobalSection(ExtensibilityGlobals) = postSolution
		SolutionGuid = {4D94C837-72B3-48AC-9DE5-7D30C31DED40}
	EndGlobalSection
EndGlobal
